
Microsoft Visual Studio Solution File, Format Version 12.00
# Visual Studio Version 16
VisualStudioVersion = 16.0.30517.126
MinimumVisualStudioVersion = 10.0.40219.1
Project("{FAE04EC0-301F-11D3-BF4B-00C04F79EFBC}") = "MoodAnalyser", "MoodAnalyser Assignnment\MoodAnalyser.csproj", "{044EEFD5-1043-43DE-9028-ED5B6DB288CC}"
EndProject
Project("{FAE04EC0-301F-11D3-BF4B-00C04F79EFBC}") = "MoodAnalyserMSTest", "MoodAnalyserMSTest\MoodAnalyserMSTest.csproj", "{35254DFA-C07D-4539-88C7-7198DE27C67B}"
EndProject
Global
	GlobalSection(SolutionConfigurationPlatforms) = preSolution
		Debug|Any CPU = Debug|Any CPU
		Release|Any CPU = Release|Any CPU
	EndGlobalSection
	GlobalSection(ProjectConfigurationPlatforms) = postSolution
		{044EEFD5-1043-43DE-9028-ED5B6DB288CC}.Debug|Any CPU.ActiveCfg = Debug|Any CPU
		{044EEFD5-1043-43DE-9028-ED5B6DB288CC}.Debug|Any CPU.Build.0 = Debug|Any CPU
		{044EEFD5-1043-43DE-9028-ED5B6DB288CC}.Release|Any CPU.ActiveCfg = Release|Any CPU
		{044EEFD5-1043-43DE-9028-ED5B6DB288CC}.Release|Any CPU.Build.0 = Release|Any CPU
		{35254DFA-C07D-4539-88C7-7198DE27C67B}.Debug|Any CPU.ActiveCfg = Debug|Any CPU
		{35254DFA-C07D-4539-88C7-7198DE27C67B}.Debug|Any CPU.Build.0 = Debug|Any CPU
		{35254DFA-C07D-4539-88C7-7198DE27C67B}.Release|Any CPU.ActiveCfg = Release|Any CPU
		{35254DFA-C07D-4539-88C7-7198DE27C67B}.Release|Any CPU.Build.0 = Release|Any CPU
	EndGlobalSection
	GlobalSection(SolutionProperties) = preSolution
		HideSolutionNode = FALSE
	EndGlobalSection
	GlobalSection(ExtensibilityGlobals) = postSolution
		SolutionGuid = {8E83021D-4F33-4223-8D77-B98B97991C22}
	EndGlobalSection
EndGlobal
